// !$*UTF8*$!
{
	archiveVersion = 1;
	classes = {
	};
	objectVersion = 48;
	objects = {

/* Begin PBXBuildFile section */
		2578B27B20617F530010B271 /* AppDelegate.swift in Sources */ = {isa = PBXBuildFile; fileRef = 2578B27A20617F530010B271 /* AppDelegate.swift */; };
		2578B27D20617F530010B271 /* ViewController.swift in Sources */ = {isa = PBXBuildFile; fileRef = 2578B27C20617F530010B271 /* ViewController.swift */; };
		2578B28020617F530010B271 /* Main.storyboard in Resources */ = {isa = PBXBuildFile; fileRef = 2578B27E20617F530010B271 /* Main.storyboard */; };
		2578B28320617F530010B271 /* blocker.xcdatamodeld in Sources */ = {isa = PBXBuildFile; fileRef = 2578B28120617F530010B271 /* blocker.xcdatamodeld */; };
		2578B28520617F530010B271 /* Assets.xcassets in Resources */ = {isa = PBXBuildFile; fileRef = 2578B28420617F530010B271 /* Assets.xcassets */; };
		2578B28820617F530010B271 /* LaunchScreen.storyboard in Resources */ = {isa = PBXBuildFile; fileRef = 2578B28620617F530010B271 /* LaunchScreen.storyboard */; };
		2578B29320617F530010B271 /* blockerTests.swift in Sources */ = {isa = PBXBuildFile; fileRef = 2578B29220617F530010B271 /* blockerTests.swift */; };
		2578B29E20617F530010B271 /* blockerUITests.swift in Sources */ = {isa = PBXBuildFile; fileRef = 2578B29D20617F530010B271 /* blockerUITests.swift */; };
		2578B2B2206183FD0010B271 /* blockerList.json in Resources */ = {isa = PBXBuildFile; fileRef = 2578B2B1206183FD0010B271 /* blockerList.json */; };
		2578B2B4206183FD0010B271 /* ContentBlockerRequestHandler.swift in Sources */ = {isa = PBXBuildFile; fileRef = 2578B2B3206183FD0010B271 /* ContentBlockerRequestHandler.swift */; };
		2578B2B8206183FD0010B271 /* blocker-extension.appex in Embed App Extensions */ = {isa = PBXBuildFile; fileRef = 2578B2AF206183FD0010B271 /* blocker-extension.appex */; settings = {ATTRIBUTES = (RemoveHeadersOnCopy, ); }; };
		4762C1A72061E5DC00329A85 /* BlockList.swift in Sources */ = {isa = PBXBuildFile; fileRef = 4762C1A62061E5DC00329A85 /* BlockList.swift */; };
		4762C1A82061E5DC00329A85 /* BlockList.swift in Sources */ = {isa = PBXBuildFile; fileRef = 4762C1A62061E5DC00329A85 /* BlockList.swift */; };
		4762C1AB2061ED0100329A85 /* BlockerItemManager.swift in Sources */ = {isa = PBXBuildFile; fileRef = 4762C1AA2061ED0100329A85 /* BlockerItemManager.swift */; };
		4762C1AC2061ED0100329A85 /* BlockerItemManager.swift in Sources */ = {isa = PBXBuildFile; fileRef = 4762C1AA2061ED0100329A85 /* BlockerItemManager.swift */; };
		476499492062F6C3006BB173 /* BlockerFileManager.swift in Sources */ = {isa = PBXBuildFile; fileRef = 476499482062F6C3006BB173 /* BlockerFileManager.swift */; };
		4764994A2062F6C7006BB173 /* BlockerFileManager.swift in Sources */ = {isa = PBXBuildFile; fileRef = 476499482062F6C3006BB173 /* BlockerFileManager.swift */; };
		47662FA5206477E600F1317F /* EnumCollection.swift in Sources */ = {isa = PBXBuildFile; fileRef = 47662FA4206477E600F1317F /* EnumCollection.swift */; };
		47662FA72064781200F1317F /* BlockerDataSource.swift in Sources */ = {isa = PBXBuildFile; fileRef = 47662FA62064781200F1317F /* BlockerDataSource.swift */; };
		47662FA820647BB200F1317F /* EnumCollection.swift in Sources */ = {isa = PBXBuildFile; fileRef = 47662FA4206477E600F1317F /* EnumCollection.swift */; };
		47662FA920647BB400F1317F /* BlockerDataSource.swift in Sources */ = {isa = PBXBuildFile; fileRef = 47662FA62064781200F1317F /* BlockerDataSource.swift */; };
/* End PBXBuildFile section */

/* Begin PBXContainerItemProxy section */
		2578B28F20617F530010B271 /* PBXContainerItemProxy */ = {
			isa = PBXContainerItemProxy;
			containerPortal = 2578B26F20617F530010B271 /* Project object */;
			proxyType = 1;
			remoteGlobalIDString = 2578B27620617F530010B271;
			remoteInfo = blocker;
		};
		2578B29A20617F530010B271 /* PBXContainerItemProxy */ = {
			isa = PBXContainerItemProxy;
			containerPortal = 2578B26F20617F530010B271 /* Project object */;
			proxyType = 1;
			remoteGlobalIDString = 2578B27620617F530010B271;
			remoteInfo = blocker;
		};
		2578B2B6206183FD0010B271 /* PBXContainerItemProxy */ = {
			isa = PBXContainerItemProxy;
			containerPortal = 2578B26F20617F530010B271 /* Project object */;
			proxyType = 1;
			remoteGlobalIDString = 2578B2AE206183FD0010B271;
			remoteInfo = "blocker-extension";
		};
/* End PBXContainerItemProxy section */

/* Begin PBXCopyFilesBuildPhase section */
		2578B2BC206183FD0010B271 /* Embed App Extensions */ = {
			isa = PBXCopyFilesBuildPhase;
			buildActionMask = 2147483647;
			dstPath = "";
			dstSubfolderSpec = 13;
			files = (
				2578B2B8206183FD0010B271 /* blocker-extension.appex in Embed App Extensions */,
			);
			name = "Embed App Extensions";
			runOnlyForDeploymentPostprocessing = 0;
		};
/* End PBXCopyFilesBuildPhase section */

/* Begin PBXFileReference section */
		2578B27720617F530010B271 /* blocker.app */ = {isa = PBXFileReference; explicitFileType = wrapper.application; includeInIndex = 0; path = blocker.app; sourceTree = BUILT_PRODUCTS_DIR; };
		2578B27A20617F530010B271 /* AppDelegate.swift */ = {isa = PBXFileReference; lastKnownFileType = sourcecode.swift; path = AppDelegate.swift; sourceTree = "<group>"; };
		2578B27C20617F530010B271 /* ViewController.swift */ = {isa = PBXFileReference; lastKnownFileType = sourcecode.swift; path = ViewController.swift; sourceTree = "<group>"; };
		2578B27F20617F530010B271 /* Base */ = {isa = PBXFileReference; lastKnownFileType = file.storyboard; name = Base; path = Base.lproj/Main.storyboard; sourceTree = "<group>"; };
		2578B28220617F530010B271 /* blocker.xcdatamodel */ = {isa = PBXFileReference; lastKnownFileType = wrapper.xcdatamodel; path = blocker.xcdatamodel; sourceTree = "<group>"; };
		2578B28420617F530010B271 /* Assets.xcassets */ = {isa = PBXFileReference; lastKnownFileType = folder.assetcatalog; path = Assets.xcassets; sourceTree = "<group>"; };
		2578B28720617F530010B271 /* Base */ = {isa = PBXFileReference; lastKnownFileType = file.storyboard; name = Base; path = Base.lproj/LaunchScreen.storyboard; sourceTree = "<group>"; };
		2578B28920617F530010B271 /* Info.plist */ = {isa = PBXFileReference; lastKnownFileType = text.plist.xml; path = Info.plist; sourceTree = "<group>"; };
		2578B28E20617F530010B271 /* blockerTests.xctest */ = {isa = PBXFileReference; explicitFileType = wrapper.cfbundle; includeInIndex = 0; path = blockerTests.xctest; sourceTree = BUILT_PRODUCTS_DIR; };
		2578B29220617F530010B271 /* blockerTests.swift */ = {isa = PBXFileReference; lastKnownFileType = sourcecode.swift; path = blockerTests.swift; sourceTree = "<group>"; };
		2578B29420617F530010B271 /* Info.plist */ = {isa = PBXFileReference; lastKnownFileType = text.plist.xml; path = Info.plist; sourceTree = "<group>"; };
		2578B29920617F530010B271 /* blockerUITests.xctest */ = {isa = PBXFileReference; explicitFileType = wrapper.cfbundle; includeInIndex = 0; path = blockerUITests.xctest; sourceTree = BUILT_PRODUCTS_DIR; };
		2578B29D20617F530010B271 /* blockerUITests.swift */ = {isa = PBXFileReference; lastKnownFileType = sourcecode.swift; path = blockerUITests.swift; sourceTree = "<group>"; };
		2578B29F20617F530010B271 /* Info.plist */ = {isa = PBXFileReference; lastKnownFileType = text.plist.xml; path = Info.plist; sourceTree = "<group>"; };
		2578B2AF206183FD0010B271 /* blocker-extension.appex */ = {isa = PBXFileReference; explicitFileType = "wrapper.app-extension"; includeInIndex = 0; path = "blocker-extension.appex"; sourceTree = BUILT_PRODUCTS_DIR; };
		2578B2B1206183FD0010B271 /* blockerList.json */ = {isa = PBXFileReference; lastKnownFileType = text.json; path = blockerList.json; sourceTree = "<group>"; };
		2578B2B3206183FD0010B271 /* ContentBlockerRequestHandler.swift */ = {isa = PBXFileReference; lastKnownFileType = sourcecode.swift; path = ContentBlockerRequestHandler.swift; sourceTree = "<group>"; };
		2578B2B5206183FD0010B271 /* Info.plist */ = {isa = PBXFileReference; lastKnownFileType = text.plist.xml; path = Info.plist; sourceTree = "<group>"; };
		4762C1A62061E5DC00329A85 /* BlockList.swift */ = {isa = PBXFileReference; lastKnownFileType = sourcecode.swift; path = BlockList.swift; sourceTree = "<group>"; usesTabs = 0; };
		4762C1AA2061ED0100329A85 /* BlockerItemManager.swift */ = {isa = PBXFileReference; lastKnownFileType = sourcecode.swift; path = BlockerItemManager.swift; sourceTree = "<group>"; };
		476499482062F6C3006BB173 /* BlockerFileManager.swift */ = {isa = PBXFileReference; lastKnownFileType = sourcecode.swift; path = BlockerFileManager.swift; sourceTree = "<group>"; };
		47662FA120642AE700F1317F /* blocker.entitlements */ = {isa = PBXFileReference; lastKnownFileType = text.plist.entitlements; path = blocker.entitlements; sourceTree = "<group>"; };
		47662FA220642BE000F1317F /* blocker-extension.entitlements */ = {isa = PBXFileReference; lastKnownFileType = text.plist.entitlements; path = "blocker-extension.entitlements"; sourceTree = "<group>"; };
		47662FA4206477E600F1317F /* EnumCollection.swift */ = {isa = PBXFileReference; lastKnownFileType = sourcecode.swift; path = EnumCollection.swift; sourceTree = "<group>"; };
		47662FA62064781200F1317F /* BlockerDataSource.swift */ = {isa = PBXFileReference; lastKnownFileType = sourcecode.swift; path = BlockerDataSource.swift; sourceTree = "<group>"; };
/* End PBXFileReference section */

/* Begin PBXFrameworksBuildPhase section */
		2578B27420617F530010B271 /* Frameworks */ = {
			isa = PBXFrameworksBuildPhase;
			buildActionMask = 2147483647;
			files = (
			);
			runOnlyForDeploymentPostprocessing = 0;
		};
		2578B28B20617F530010B271 /* Frameworks */ = {
			isa = PBXFrameworksBuildPhase;
			buildActionMask = 2147483647;
			files = (
			);
			runOnlyForDeploymentPostprocessing = 0;
		};
		2578B29620617F530010B271 /* Frameworks */ = {
			isa = PBXFrameworksBuildPhase;
			buildActionMask = 2147483647;
			files = (
			);
			runOnlyForDeploymentPostprocessing = 0;
		};
		2578B2AC206183FD0010B271 /* Frameworks */ = {
			isa = PBXFrameworksBuildPhase;
			buildActionMask = 2147483647;
			files = (
			);
			runOnlyForDeploymentPostprocessing = 0;
		};
/* End PBXFrameworksBuildPhase section */

/* Begin PBXGroup section */
		2578B26E20617F530010B271 = {
			isa = PBXGroup;
			children = (
				2578B27920617F530010B271 /* blocker */,
				2578B29120617F530010B271 /* blockerTests */,
				2578B29C20617F530010B271 /* blockerUITests */,
				2578B2B0206183FD0010B271 /* blocker-extension */,
				2578B27820617F530010B271 /* Products */,
			);
			sourceTree = "<group>";
			usesTabs = 0;
		};
		2578B27820617F530010B271 /* Products */ = {
			isa = PBXGroup;
			children = (
				2578B27720617F530010B271 /* blocker.app */,
				2578B28E20617F530010B271 /* blockerTests.xctest */,
				2578B29920617F530010B271 /* blockerUITests.xctest */,
				2578B2AF206183FD0010B271 /* blocker-extension.appex */,
			);
			name = Products;
			sourceTree = "<group>";
		};
		2578B27920617F530010B271 /* blocker */ = {
			isa = PBXGroup;
			children = (
				47662FA120642AE700F1317F /* blocker.entitlements */,
				4762C1A92061ECED00329A85 /* Managers */,
				47662FA3206477D500F1317F /* Protocols */,
				4762C1A52061E5AC00329A85 /* Models */,
				2578B27A20617F530010B271 /* AppDelegate.swift */,
				2578B27C20617F530010B271 /* ViewController.swift */,
				2578B27E20617F530010B271 /* Main.storyboard */,
				2578B28420617F530010B271 /* Assets.xcassets */,
				2578B28620617F530010B271 /* LaunchScreen.storyboard */,
				2578B28920617F530010B271 /* Info.plist */,
				2578B28120617F530010B271 /* blocker.xcdatamodeld */,
			);
			path = blocker;
			sourceTree = "<group>";
		};
		2578B29120617F530010B271 /* blockerTests */ = {
			isa = PBXGroup;
			children = (
				2578B29220617F530010B271 /* blockerTests.swift */,
				2578B29420617F530010B271 /* Info.plist */,
			);
			path = blockerTests;
			sourceTree = "<group>";
		};
		2578B29C20617F530010B271 /* blockerUITests */ = {
			isa = PBXGroup;
			children = (
				2578B29D20617F530010B271 /* blockerUITests.swift */,
				2578B29F20617F530010B271 /* Info.plist */,
			);
			path = blockerUITests;
			sourceTree = "<group>";
		};
		2578B2B0206183FD0010B271 /* blocker-extension */ = {
			isa = PBXGroup;
			children = (
				47662FA220642BE000F1317F /* blocker-extension.entitlements */,
				2578B2B1206183FD0010B271 /* blockerList.json */,
				2578B2B3206183FD0010B271 /* ContentBlockerRequestHandler.swift */,
				2578B2B5206183FD0010B271 /* Info.plist */,
			);
			path = "blocker-extension";
			sourceTree = "<group>";
		};
		4762C1A52061E5AC00329A85 /* Models */ = {
			isa = PBXGroup;
			children = (
				4762C1A62061E5DC00329A85 /* BlockList.swift */,
			);
			path = Models;
			sourceTree = "<group>";
		};
		4762C1A92061ECED00329A85 /* Managers */ = {
			isa = PBXGroup;
			children = (
				4762C1AA2061ED0100329A85 /* BlockerItemManager.swift */,
				476499482062F6C3006BB173 /* BlockerFileManager.swift */,
			);
			path = Managers;
			sourceTree = "<group>";
		};
		47662FA3206477D500F1317F /* Protocols */ = {
			isa = PBXGroup;
			children = (
				47662FA4206477E600F1317F /* EnumCollection.swift */,
				47662FA62064781200F1317F /* BlockerDataSource.swift */,
			);
			path = Protocols;
			sourceTree = "<group>";
		};
/* End PBXGroup section */

/* Begin PBXNativeTarget section */
		2578B27620617F530010B271 /* blocker */ = {
			isa = PBXNativeTarget;
			buildConfigurationList = 2578B2A220617F530010B271 /* Build configuration list for PBXNativeTarget "blocker" */;
			buildPhases = (
				2578B27320617F530010B271 /* Sources */,
				2578B27420617F530010B271 /* Frameworks */,
				2578B27520617F530010B271 /* Resources */,
				2578B2BC206183FD0010B271 /* Embed App Extensions */,
			);
			buildRules = (
			);
			dependencies = (
				2578B2B7206183FD0010B271 /* PBXTargetDependency */,
			);
			name = blocker;
			productName = blocker;
			productReference = 2578B27720617F530010B271 /* blocker.app */;
			productType = "com.apple.product-type.application";
		};
		2578B28D20617F530010B271 /* blockerTests */ = {
			isa = PBXNativeTarget;
			buildConfigurationList = 2578B2A520617F530010B271 /* Build configuration list for PBXNativeTarget "blockerTests" */;
			buildPhases = (
				2578B28A20617F530010B271 /* Sources */,
				2578B28B20617F530010B271 /* Frameworks */,
				2578B28C20617F530010B271 /* Resources */,
			);
			buildRules = (
			);
			dependencies = (
				2578B29020617F530010B271 /* PBXTargetDependency */,
			);
			name = blockerTests;
			productName = blockerTests;
			productReference = 2578B28E20617F530010B271 /* blockerTests.xctest */;
			productType = "com.apple.product-type.bundle.unit-test";
		};
		2578B29820617F530010B271 /* blockerUITests */ = {
			isa = PBXNativeTarget;
			buildConfigurationList = 2578B2A820617F530010B271 /* Build configuration list for PBXNativeTarget "blockerUITests" */;
			buildPhases = (
				2578B29520617F530010B271 /* Sources */,
				2578B29620617F530010B271 /* Frameworks */,
				2578B29720617F530010B271 /* Resources */,
			);
			buildRules = (
			);
			dependencies = (
				2578B29B20617F530010B271 /* PBXTargetDependency */,
			);
			name = blockerUITests;
			productName = blockerUITests;
			productReference = 2578B29920617F530010B271 /* blockerUITests.xctest */;
			productType = "com.apple.product-type.bundle.ui-testing";
		};
		2578B2AE206183FD0010B271 /* blocker-extension */ = {
			isa = PBXNativeTarget;
			buildConfigurationList = 2578B2B9206183FD0010B271 /* Build configuration list for PBXNativeTarget "blocker-extension" */;
			buildPhases = (
				2578B2AB206183FD0010B271 /* Sources */,
				2578B2AC206183FD0010B271 /* Frameworks */,
				2578B2AD206183FD0010B271 /* Resources */,
			);
			buildRules = (
			);
			dependencies = (
			);
			name = "blocker-extension";
			productName = "blocker-extension";
			productReference = 2578B2AF206183FD0010B271 /* blocker-extension.appex */;
			productType = "com.apple.product-type.app-extension";
		};
/* End PBXNativeTarget section */

/* Begin PBXProject section */
		2578B26F20617F530010B271 /* Project object */ = {
			isa = PBXProject;
			attributes = {
				LastSwiftUpdateCheck = 0920;
				LastUpgradeCheck = 0920;
				ORGANIZATIONNAME = "Evan Conrad & Rudy Bermudez";
				TargetAttributes = {
					2578B27620617F530010B271 = {
						CreatedOnToolsVersion = 9.2;
						ProvisioningStyle = Manual;
						SystemCapabilities = {
							com.apple.ApplicationGroups.iOS = {
								enabled = 1;
							};
						};
					};
					2578B28D20617F530010B271 = {
						CreatedOnToolsVersion = 9.2;
						ProvisioningStyle = Manual;
						TestTargetID = 2578B27620617F530010B271;
					};
					2578B29820617F530010B271 = {
						CreatedOnToolsVersion = 9.2;
						ProvisioningStyle = Manual;
						TestTargetID = 2578B27620617F530010B271;
					};
					2578B2AE206183FD0010B271 = {
						CreatedOnToolsVersion = 9.2;
						ProvisioningStyle = Manual;
						SystemCapabilities = {
							com.apple.ApplicationGroups.iOS = {
								enabled = 1;
							};
						};
					};
				};
			};
			buildConfigurationList = 2578B27220617F530010B271 /* Build configuration list for PBXProject "blocker" */;
			compatibilityVersion = "Xcode 8.0";
			developmentRegion = en;
			hasScannedForEncodings = 0;
			knownRegions = (
				en,
				Base,
			);
			mainGroup = 2578B26E20617F530010B271;
			productRefGroup = 2578B27820617F530010B271 /* Products */;
			projectDirPath = "";
			projectRoot = "";
			targets = (
				2578B27620617F530010B271 /* blocker */,
				2578B28D20617F530010B271 /* blockerTests */,
				2578B29820617F530010B271 /* blockerUITests */,
				2578B2AE206183FD0010B271 /* blocker-extension */,
			);
		};
/* End PBXProject section */

/* Begin PBXResourcesBuildPhase section */
		2578B27520617F530010B271 /* Resources */ = {
			isa = PBXResourcesBuildPhase;
			buildActionMask = 2147483647;
			files = (
				2578B28820617F530010B271 /* LaunchScreen.storyboard in Resources */,
				2578B28520617F530010B271 /* Assets.xcassets in Resources */,
				2578B28020617F530010B271 /* Main.storyboard in Resources */,
			);
			runOnlyForDeploymentPostprocessing = 0;
		};
		2578B28C20617F530010B271 /* Resources */ = {
			isa = PBXResourcesBuildPhase;
			buildActionMask = 2147483647;
			files = (
			);
			runOnlyForDeploymentPostprocessing = 0;
		};
		2578B29720617F530010B271 /* Resources */ = {
			isa = PBXResourcesBuildPhase;
			buildActionMask = 2147483647;
			files = (
			);
			runOnlyForDeploymentPostprocessing = 0;
		};
		2578B2AD206183FD0010B271 /* Resources */ = {
			isa = PBXResourcesBuildPhase;
			buildActionMask = 2147483647;
			files = (
				2578B2B2206183FD0010B271 /* blockerList.json in Resources */,
			);
			runOnlyForDeploymentPostprocessing = 0;
		};
/* End PBXResourcesBuildPhase section */

/* Begin PBXSourcesBuildPhase section */
		2578B27320617F530010B271 /* Sources */ = {
			isa = PBXSourcesBuildPhase;
			buildActionMask = 2147483647;
			files = (
				4762C1A72061E5DC00329A85 /* BlockList.swift in Sources */,
				2578B28320617F530010B271 /* blocker.xcdatamodeld in Sources */,
				4762C1AB2061ED0100329A85 /* BlockerItemManager.swift in Sources */,
				2578B27D20617F530010B271 /* ViewController.swift in Sources */,
				47662FA5206477E600F1317F /* EnumCollection.swift in Sources */,
				2578B27B20617F530010B271 /* AppDelegate.swift in Sources */,
				476499492062F6C3006BB173 /* BlockerFileManager.swift in Sources */,
				47662FA72064781200F1317F /* BlockerDataSource.swift in Sources */,
			);
			runOnlyForDeploymentPostprocessing = 0;
		};
		2578B28A20617F530010B271 /* Sources */ = {
			isa = PBXSourcesBuildPhase;
			buildActionMask = 2147483647;
			files = (
				4762C1AC2061ED0100329A85 /* BlockerItemManager.swift in Sources */,
				47662FA920647BB400F1317F /* BlockerDataSource.swift in Sources */,
				4762C1A82061E5DC00329A85 /* BlockList.swift in Sources */,
				2578B29320617F530010B271 /* blockerTests.swift in Sources */,
				47662FA820647BB200F1317F /* EnumCollection.swift in Sources */,
				4764994A2062F6C7006BB173 /* BlockerFileManager.swift in Sources */,
			);
			runOnlyForDeploymentPostprocessing = 0;
		};
		2578B29520617F530010B271 /* Sources */ = {
			isa = PBXSourcesBuildPhase;
			buildActionMask = 2147483647;
			files = (
				2578B29E20617F530010B271 /* blockerUITests.swift in Sources */,
			);
			runOnlyForDeploymentPostprocessing = 0;
		};
		2578B2AB206183FD0010B271 /* Sources */ = {
			isa = PBXSourcesBuildPhase;
			buildActionMask = 2147483647;
			files = (
				2578B2B4206183FD0010B271 /* ContentBlockerRequestHandler.swift in Sources */,
			);
			runOnlyForDeploymentPostprocessing = 0;
		};
/* End PBXSourcesBuildPhase section */

/* Begin PBXTargetDependency section */
		2578B29020617F530010B271 /* PBXTargetDependency */ = {
			isa = PBXTargetDependency;
			target = 2578B27620617F530010B271 /* blocker */;
			targetProxy = 2578B28F20617F530010B271 /* PBXContainerItemProxy */;
		};
		2578B29B20617F530010B271 /* PBXTargetDependency */ = {
			isa = PBXTargetDependency;
			target = 2578B27620617F530010B271 /* blocker */;
			targetProxy = 2578B29A20617F530010B271 /* PBXContainerItemProxy */;
		};
		2578B2B7206183FD0010B271 /* PBXTargetDependency */ = {
			isa = PBXTargetDependency;
			target = 2578B2AE206183FD0010B271 /* blocker-extension */;
			targetProxy = 2578B2B6206183FD0010B271 /* PBXContainerItemProxy */;
		};
/* End PBXTargetDependency section */

/* Begin PBXVariantGroup section */
		2578B27E20617F530010B271 /* Main.storyboard */ = {
			isa = PBXVariantGroup;
			children = (
				2578B27F20617F530010B271 /* Base */,
			);
			name = Main.storyboard;
			sourceTree = "<group>";
		};
		2578B28620617F530010B271 /* LaunchScreen.storyboard */ = {
			isa = PBXVariantGroup;
			children = (
				2578B28720617F530010B271 /* Base */,
			);
			name = LaunchScreen.storyboard;
			sourceTree = "<group>";
		};
/* End PBXVariantGroup section */

/* Begin XCBuildConfiguration section */
		2578B2A020617F530010B271 /* Debug */ = {
			isa = XCBuildConfiguration;
			buildSettings = {
				ALWAYS_SEARCH_USER_PATHS = NO;
				CLANG_ANALYZER_NONNULL = YES;
				CLANG_ANALYZER_NUMBER_OBJECT_CONVERSION = YES_AGGRESSIVE;
				CLANG_CXX_LANGUAGE_STANDARD = "gnu++14";
				CLANG_CXX_LIBRARY = "libc++";
				CLANG_ENABLE_MODULES = YES;
				CLANG_ENABLE_OBJC_ARC = YES;
				CLANG_WARN_BLOCK_CAPTURE_AUTORELEASING = YES;
				CLANG_WARN_BOOL_CONVERSION = YES;
				CLANG_WARN_COMMA = YES;
				CLANG_WARN_CONSTANT_CONVERSION = YES;
				CLANG_WARN_DIRECT_OBJC_ISA_USAGE = YES_ERROR;
				CLANG_WARN_DOCUMENTATION_COMMENTS = YES;
				CLANG_WARN_EMPTY_BODY = YES;
				CLANG_WARN_ENUM_CONVERSION = YES;
				CLANG_WARN_INFINITE_RECURSION = YES;
				CLANG_WARN_INT_CONVERSION = YES;
				CLANG_WARN_NON_LITERAL_NULL_CONVERSION = YES;
				CLANG_WARN_OBJC_LITERAL_CONVERSION = YES;
				CLANG_WARN_OBJC_ROOT_CLASS = YES_ERROR;
				CLANG_WARN_RANGE_LOOP_ANALYSIS = YES;
				CLANG_WARN_STRICT_PROTOTYPES = YES;
				CLANG_WARN_SUSPICIOUS_MOVE = YES;
				CLANG_WARN_UNGUARDED_AVAILABILITY = YES_AGGRESSIVE;
				CLANG_WARN_UNREACHABLE_CODE = YES;
				CLANG_WARN__DUPLICATE_METHOD_MATCH = YES;
				CODE_SIGN_IDENTITY = "iPhone Developer";
				COPY_PHASE_STRIP = NO;
				CURRENT_PROJECT_VERSION = 0.5;
				DEBUG_INFORMATION_FORMAT = dwarf;
				ENABLE_STRICT_OBJC_MSGSEND = YES;
				ENABLE_TESTABILITY = YES;
				GCC_C_LANGUAGE_STANDARD = gnu11;
				GCC_DYNAMIC_NO_PIC = NO;
				GCC_NO_COMMON_BLOCKS = YES;
				GCC_OPTIMIZATION_LEVEL = 0;
				GCC_PREPROCESSOR_DEFINITIONS = (
					"DEBUG=1",
					"$(inherited)",
				);
				GCC_WARN_64_TO_32_BIT_CONVERSION = YES;
				GCC_WARN_ABOUT_RETURN_TYPE = YES_ERROR;
				GCC_WARN_UNDECLARED_SELECTOR = YES;
				GCC_WARN_UNINITIALIZED_AUTOS = YES_AGGRESSIVE;
				GCC_WARN_UNUSED_FUNCTION = YES;
				GCC_WARN_UNUSED_VARIABLE = YES;
				IPHONEOS_DEPLOYMENT_TARGET = 11.2;
				MTL_ENABLE_DEBUG_INFO = YES;
				ONLY_ACTIVE_ARCH = YES;
				SDKROOT = iphoneos;
				SWIFT_ACTIVE_COMPILATION_CONDITIONS = DEBUG;
				SWIFT_OPTIMIZATION_LEVEL = "-Onone";
				VERSIONING_SYSTEM = "apple-generic";
			};
			name = Debug;
		};
		2578B2A120617F530010B271 /* Release */ = {
			isa = XCBuildConfiguration;
			buildSettings = {
				ALWAYS_SEARCH_USER_PATHS = NO;
				CLANG_ANALYZER_NONNULL = YES;
				CLANG_ANALYZER_NUMBER_OBJECT_CONVERSION = YES_AGGRESSIVE;
				CLANG_CXX_LANGUAGE_STANDARD = "gnu++14";
				CLANG_CXX_LIBRARY = "libc++";
				CLANG_ENABLE_MODULES = YES;
				CLANG_ENABLE_OBJC_ARC = YES;
				CLANG_WARN_BLOCK_CAPTURE_AUTORELEASING = YES;
				CLANG_WARN_BOOL_CONVERSION = YES;
				CLANG_WARN_COMMA = YES;
				CLANG_WARN_CONSTANT_CONVERSION = YES;
				CLANG_WARN_DIRECT_OBJC_ISA_USAGE = YES_ERROR;
				CLANG_WARN_DOCUMENTATION_COMMENTS = YES;
				CLANG_WARN_EMPTY_BODY = YES;
				CLANG_WARN_ENUM_CONVERSION = YES;
				CLANG_WARN_INFINITE_RECURSION = YES;
				CLANG_WARN_INT_CONVERSION = YES;
				CLANG_WARN_NON_LITERAL_NULL_CONVERSION = YES;
				CLANG_WARN_OBJC_LITERAL_CONVERSION = YES;
				CLANG_WARN_OBJC_ROOT_CLASS = YES_ERROR;
				CLANG_WARN_RANGE_LOOP_ANALYSIS = YES;
				CLANG_WARN_STRICT_PROTOTYPES = YES;
				CLANG_WARN_SUSPICIOUS_MOVE = YES;
				CLANG_WARN_UNGUARDED_AVAILABILITY = YES_AGGRESSIVE;
				CLANG_WARN_UNREACHABLE_CODE = YES;
				CLANG_WARN__DUPLICATE_METHOD_MATCH = YES;
				CODE_SIGN_IDENTITY = "iPhone Developer";
				COPY_PHASE_STRIP = NO;
				CURRENT_PROJECT_VERSION = 0.5;
				DEBUG_INFORMATION_FORMAT = "dwarf-with-dsym";
				ENABLE_NS_ASSERTIONS = NO;
				ENABLE_STRICT_OBJC_MSGSEND = YES;
				GCC_C_LANGUAGE_STANDARD = gnu11;
				GCC_NO_COMMON_BLOCKS = YES;
				GCC_WARN_64_TO_32_BIT_CONVERSION = YES;
				GCC_WARN_ABOUT_RETURN_TYPE = YES_ERROR;
				GCC_WARN_UNDECLARED_SELECTOR = YES;
				GCC_WARN_UNINITIALIZED_AUTOS = YES_AGGRESSIVE;
				GCC_WARN_UNUSED_FUNCTION = YES;
				GCC_WARN_UNUSED_VARIABLE = YES;
				IPHONEOS_DEPLOYMENT_TARGET = 11.2;
				MTL_ENABLE_DEBUG_INFO = NO;
				SDKROOT = iphoneos;
				SWIFT_OPTIMIZATION_LEVEL = "-Owholemodule";
				VALIDATE_PRODUCT = YES;
				VERSIONING_SYSTEM = "apple-generic";
			};
			name = Release;
		};
		2578B2A320617F530010B271 /* Debug */ = {
			isa = XCBuildConfiguration;
			buildSettings = {
				ALWAYS_EMBED_SWIFT_STANDARD_LIBRARIES = YES;
				ASSETCATALOG_COMPILER_APPICON_NAME = AppIcon;
				CODE_SIGN_ENTITLEMENTS = blocker/blocker.entitlements;
				"CODE_SIGN_IDENTITY[sdk=iphoneos*]" = "iPhone Developer";
				CODE_SIGN_STYLE = Manual;
				DEVELOPMENT_TEAM = NZ8449Y9W6;
				INFOPLIST_FILE = blocker/Info.plist;
				LD_RUNPATH_SEARCH_PATHS = "$(inherited) @executable_path/Frameworks";
				PRODUCT_BUNDLE_IDENTIFIER = io.rudybermudez.blocker;
				PRODUCT_NAME = "$(TARGET_NAME)";
				PROVISIONING_PROFILE = "891e7421-652a-4d4c-801f-4ca83a68b1e3";
				PROVISIONING_PROFILE_SPECIFIER = "match Development io.rudybermudez.blocker";
				SWIFT_VERSION = 4.0;
				TARGETED_DEVICE_FAMILY = "1,2";
			};
			name = Debug;
		};
		2578B2A420617F530010B271 /* Release */ = {
			isa = XCBuildConfiguration;
			buildSettings = {
				ALWAYS_EMBED_SWIFT_STANDARD_LIBRARIES = YES;
				ASSETCATALOG_COMPILER_APPICON_NAME = AppIcon;
				CODE_SIGN_ENTITLEMENTS = blocker/blocker.entitlements;
				"CODE_SIGN_IDENTITY[sdk=iphoneos*]" = "iPhone Distribution";
				CODE_SIGN_STYLE = Manual;
				DEVELOPMENT_TEAM = NZ8449Y9W6;
				INFOPLIST_FILE = blocker/Info.plist;
				LD_RUNPATH_SEARCH_PATHS = "$(inherited) @executable_path/Frameworks";
				PRODUCT_BUNDLE_IDENTIFIER = io.rudybermudez.blocker;
				PRODUCT_NAME = "$(TARGET_NAME)";
				PROVISIONING_PROFILE = "6496fa48-5d52-4154-a82f-81d67e06ff20";
				PROVISIONING_PROFILE_SPECIFIER = "match AppStore io.rudybermudez.blocker";
				SWIFT_VERSION = 4.0;
				TARGETED_DEVICE_FAMILY = "1,2";
			};
			name = Release;
		};
		2578B2A620617F530010B271 /* Debug */ = {
			isa = XCBuildConfiguration;
			buildSettings = {
				ALWAYS_EMBED_SWIFT_STANDARD_LIBRARIES = YES;
				BUNDLE_LOADER = "$(TEST_HOST)";
				CODE_SIGN_STYLE = Manual;
				DEVELOPMENT_TEAM = NZ8449Y9W6;
				INFOPLIST_FILE = blockerTests/Info.plist;
				LD_RUNPATH_SEARCH_PATHS = "$(inherited) @executable_path/Frameworks @loader_path/Frameworks";
				PRODUCT_BUNDLE_IDENTIFIER = Flaque.blockerTests;
				PRODUCT_NAME = "$(TARGET_NAME)";
				PROVISIONING_PROFILE_SPECIFIER = "";
				SWIFT_VERSION = 4.0;
				TARGETED_DEVICE_FAMILY = "1,2";
				TEST_HOST = "$(BUILT_PRODUCTS_DIR)/blocker.app/blocker";
			};
			name = Debug;
		};
		2578B2A720617F530010B271 /* Release */ = {
			isa = XCBuildConfiguration;
			buildSettings = {
				ALWAYS_EMBED_SWIFT_STANDARD_LIBRARIES = YES;
				BUNDLE_LOADER = "$(TEST_HOST)";
				CODE_SIGN_STYLE = Manual;
				DEVELOPMENT_TEAM = NZ8449Y9W6;
				INFOPLIST_FILE = blockerTests/Info.plist;
				LD_RUNPATH_SEARCH_PATHS = "$(inherited) @executable_path/Frameworks @loader_path/Frameworks";
				PRODUCT_BUNDLE_IDENTIFIER = Flaque.blockerTests;
				PRODUCT_NAME = "$(TARGET_NAME)";
				PROVISIONING_PROFILE_SPECIFIER = "";
				SWIFT_VERSION = 4.0;
				TARGETED_DEVICE_FAMILY = "1,2";
				TEST_HOST = "$(BUILT_PRODUCTS_DIR)/blocker.app/blocker";
			};
			name = Release;
		};
		2578B2A920617F530010B271 /* Debug */ = {
			isa = XCBuildConfiguration;
			buildSettings = {
				ALWAYS_EMBED_SWIFT_STANDARD_LIBRARIES = YES;
				CODE_SIGN_STYLE = Manual;
				DEVELOPMENT_TEAM = "";
				INFOPLIST_FILE = blockerUITests/Info.plist;
				LD_RUNPATH_SEARCH_PATHS = "$(inherited) @executable_path/Frameworks @loader_path/Frameworks";
				PRODUCT_BUNDLE_IDENTIFIER = Flaque.blockerUITests;
				PRODUCT_NAME = "$(TARGET_NAME)";
				PROVISIONING_PROFILE_SPECIFIER = "";
				SWIFT_VERSION = 4.0;
				TARGETED_DEVICE_FAMILY = "1,2";
				TEST_TARGET_NAME = blocker;
			};
			name = Debug;
		};
		2578B2AA20617F530010B271 /* Release */ = {
			isa = XCBuildConfiguration;
			buildSettings = {
				ALWAYS_EMBED_SWIFT_STANDARD_LIBRARIES = YES;
				CODE_SIGN_STYLE = Manual;
				DEVELOPMENT_TEAM = "";
				INFOPLIST_FILE = blockerUITests/Info.plist;
				LD_RUNPATH_SEARCH_PATHS = "$(inherited) @executable_path/Frameworks @loader_path/Frameworks";
				PRODUCT_BUNDLE_IDENTIFIER = Flaque.blockerUITests;
				PRODUCT_NAME = "$(TARGET_NAME)";
				PROVISIONING_PROFILE_SPECIFIER = "";
				SWIFT_VERSION = 4.0;
				TARGETED_DEVICE_FAMILY = "1,2";
				TEST_TARGET_NAME = blocker;
			};
			name = Release;
		};
		2578B2BA206183FD0010B271 /* Debug */ = {
			isa = XCBuildConfiguration;
			buildSettings = {
				ARCHS = "$(ARCHS_STANDARD_64_BIT)";
				CODE_SIGN_ENTITLEMENTS = "blocker-extension/blocker-extension.entitlements";
				"CODE_SIGN_IDENTITY[sdk=iphoneos*]" = "iPhone Developer";
				CODE_SIGN_STYLE = Manual;
				DEVELOPMENT_TEAM = NZ8449Y9W6;
				INFOPLIST_FILE = "blocker-extension/Info.plist";
				LD_RUNPATH_SEARCH_PATHS = "$(inherited) @executable_path/Frameworks @executable_path/../../Frameworks";
				PRODUCT_BUNDLE_IDENTIFIER = io.rudybermudez.blocker.extension;
				PRODUCT_NAME = "$(TARGET_NAME)";
				PROVISIONING_PROFILE = "8971f496-0e35-418f-a779-a138a6ff9f9b";
				PROVISIONING_PROFILE_SPECIFIER = "match Development io.rudybermudez.blocker.extension";
				SKIP_INSTALL = YES;
				SWIFT_VERSION = 4.0;
				TARGETED_DEVICE_FAMILY = "1,2";
			};
			name = Debug;
		};
		2578B2BB206183FD0010B271 /* Release */ = {
			isa = XCBuildConfiguration;
			buildSettings = {
				ARCHS = "$(ARCHS_STANDARD_64_BIT)";
				CODE_SIGN_ENTITLEMENTS = "blocker-extension/blocker-extension.entitlements";
				"CODE_SIGN_IDENTITY[sdk=iphoneos*]" = "iPhone Distribution";
				CODE_SIGN_STYLE = Manual;
				DEVELOPMENT_TEAM = NZ8449Y9W6;
				INFOPLIST_FILE = "blocker-extension/Info.plist";
				LD_RUNPATH_SEARCH_PATHS = "$(inherited) @executable_path/Frameworks @executable_path/../../Frameworks";
				PRODUCT_BUNDLE_IDENTIFIER = io.rudybermudez.blocker.extension;
				PRODUCT_NAME = "$(TARGET_NAME)";
				PROVISIONING_PROFILE = "6d0895c2-a113-4ff0-9ce8-12199b9bb68d";
				PROVISIONING_PROFILE_SPECIFIER = "match AppStore io.rudybermudez.blocker.extension";
				SKIP_INSTALL = YES;
				SWIFT_VERSION = 4.0;
				TARGETED_DEVICE_FAMILY = "1,2";
			};
			name = Release;
		};
/* End XCBuildConfiguration section */

/* Begin XCConfigurationList section */
		2578B27220617F530010B271 /* Build configuration list for PBXProject "blocker" */ = {
			isa = XCConfigurationList;
			buildConfigurations = (
				2578B2A020617F530010B271 /* Debug */,
				2578B2A120617F530010B271 /* Release */,
			);
			defaultConfigurationIsVisible = 0;
			defaultConfigurationName = Release;
		};
		2578B2A220617F530010B271 /* Build configuration list for PBXNativeTarget "blocker" */ = {
			isa = XCConfigurationList;
			buildConfigurations = (
				2578B2A320617F530010B271 /* Debug */,
				2578B2A420617F530010B271 /* Release */,
			);
			defaultConfigurationIsVisible = 0;
			defaultConfigurationName = Release;
		};
		2578B2A520617F530010B271 /* Build configuration list for PBXNativeTarget "blockerTests" */ = {
			isa = XCConfigurationList;
			buildConfigurations = (
				2578B2A620617F530010B271 /* Debug */,
				2578B2A720617F530010B271 /* Release */,
			);
			defaultConfigurationIsVisible = 0;
			defaultConfigurationName = Release;
		};
		2578B2A820617F530010B271 /* Build configuration list for PBXNativeTarget "blockerUITests" */ = {
			isa = XCConfigurationList;
			buildConfigurations = (
				2578B2A920617F530010B271 /* Debug */,
				2578B2AA20617F530010B271 /* Release */,
			);
			defaultConfigurationIsVisible = 0;
			defaultConfigurationName = Release;
		};
		2578B2B9206183FD0010B271 /* Build configuration list for PBXNativeTarget "blocker-extension" */ = {
			isa = XCConfigurationList;
			buildConfigurations = (
				2578B2BA206183FD0010B271 /* Debug */,
				2578B2BB206183FD0010B271 /* Release */,
			);
			defaultConfigurationIsVisible = 0;
			defaultConfigurationName = Release;
		};
/* End XCConfigurationList section */

/* Begin XCVersionGroup section */
		2578B28120617F530010B271 /* blocker.xcdatamodeld */ = {
			isa = XCVersionGroup;
			children = (
				2578B28220617F530010B271 /* blocker.xcdatamodel */,
			);
			currentVersion = 2578B28220617F530010B271 /* blocker.xcdatamodel */;
			path = blocker.xcdatamodeld;
			sourceTree = "<group>";
			versionGroupType = wrapper.xcdatamodel;
		};
/* End XCVersionGroup section */
	};
	rootObject = 2578B26F20617F530010B271 /* Project object */;
}
